
Microsoft Visual Studio Solution File, Format Version 12.00
Project("{FAE04EC0-301F-11D3-BF4B-00C04F79EFBC}") = "RockPaperScissors", "RockPaperScissors\RockPaperScissors.csproj", "{DD1FA23F-AB47-4F5F-B75F-1E87E60B4521}"
EndProject
Project("{FAE04EC0-301F-11D3-BF4B-00C04F79EFBC}") = "GameConsole", "GameConsole\GameConsole.csproj", "{C2EDEDA8-FE00-4710-9069-65FA1CFFDA57}"
EndProject
Global
	GlobalSection(SolutionConfigurationPlatforms) = preSolution
		Debug|Any CPU = Debug|Any CPU
		Release|Any CPU = Release|Any CPU
	EndGlobalSection
	GlobalSection(ProjectConfigurationPlatforms) = postSolution
		{DD1FA23F-AB47-4F5F-B75F-1E87E60B4521}.Debug|Any CPU.ActiveCfg = Debug|Any CPU
		{DD1FA23F-AB47-4F5F-B75F-1E87E60B4521}.Debug|Any CPU.Build.0 = Debug|Any CPU
		{DD1FA23F-AB47-4F5F-B75F-1E87E60B4521}.Release|Any CPU.ActiveCfg = Release|Any CPU
		{DD1FA23F-AB47-4F5F-B75F-1E87E60B4521}.Release|Any CPU.Build.0 = Release|Any CPU
		{C2EDEDA8-FE00-4710-9069-65FA1CFFDA57}.Debug|Any CPU.ActiveCfg = Debug|Any CPU
		{C2EDEDA8-FE00-4710-9069-65FA1CFFDA57}.Debug|Any CPU.Build.0 = Debug|Any CPU
		{C2EDEDA8-FE00-4710-9069-65FA1CFFDA57}.Release|Any CPU.ActiveCfg = Release|Any CPU
		{C2EDEDA8-FE00-4710-9069-65FA1CFFDA57}.Release|Any CPU.Build.0 = Release|Any CPU
	EndGlobalSection
EndGlobal
